
Microsoft Visual Studio Solution File, Format Version 12.00
# Visual Studio Version 17
VisualStudioVersion = 17.6.33723.286
MinimumVisualStudioVersion = 10.0.40219.1
Project("{9A19103F-16F7-4668-BE54-9A1E7A4F7556}") = "ChangeGears", "ChangeGears\ChangeGears.csproj", "{5607C57F-DC2E-4527-B3DE-80D1E265A596}"
EndProject
Project("{FAE04EC0-301F-11D3-BF4B-00C04F79EFBC}") = "ChangeGears.Test", "ChangeGears.Test\ChangeGears.Test.csproj", "{3B1AE594-19A8-43A4-8146-8D78970663B0}"
EndProject
Global
	GlobalSection(SolutionConfigurationPlatforms) = preSolution
		Debug|Any CPU = Debug|Any CPU
		Release|Any CPU = Release|Any CPU
	EndGlobalSection
	GlobalSection(ProjectConfigurationPlatforms) = postSolution
		{5607C57F-DC2E-4527-B3DE-80D1E265A596}.Debug|Any CPU.ActiveCfg = Debug|Any CPU
		{5607C57F-DC2E-4527-B3DE-80D1E265A596}.Debug|Any CPU.Build.0 = Debug|Any CPU
		{5607C57F-DC2E-4527-B3DE-80D1E265A596}.Release|Any CPU.ActiveCfg = Release|Any CPU
		{5607C57F-DC2E-4527-B3DE-80D1E265A596}.Release|Any CPU.Build.0 = Release|Any CPU
		{3B1AE594-19A8-43A4-8146-8D78970663B0}.Debug|Any CPU.ActiveCfg = Debug|Any CPU
		{3B1AE594-19A8-43A4-8146-8D78970663B0}.Debug|Any CPU.Build.0 = Debug|Any CPU
		{3B1AE594-19A8-43A4-8146-8D78970663B0}.Release|Any CPU.ActiveCfg = Release|Any CPU
		{3B1AE594-19A8-43A4-8146-8D78970663B0}.Release|Any CPU.Build.0 = Release|Any CPU
	EndGlobalSection
	GlobalSection(SolutionProperties) = preSolution
		HideSolutionNode = FALSE
	EndGlobalSection
	GlobalSection(ExtensibilityGlobals) = postSolution
		SolutionGuid = {81186700-DCCA-4B91-ABEE-478229F07CD3}
	EndGlobalSection
EndGlobal
